
Microsoft Visual Studio Solution File, Format Version 12.00
# Visual Studio 15
Project("{FAE04EC0-301F-11D3-BF4B-00C04F79EFBC}") = "UnityEngine.TestRunner", "UnityEngine.TestRunner.csproj", "{21D2713B-C005-9773-A0BA-C9DC3641F706}"
EndProject
Project("{FAE04EC0-301F-11D3-BF4B-00C04F79EFBC}") = "Unity.Timeline", "Unity.Timeline.csproj", "{6A34BA81-00C2-D0B8-AFC1-9FD7A479CE31}"
EndProject
Project("{FAE04EC0-301F-11D3-BF4B-00C04F79EFBC}") = "UnityEngine.UI", "UnityEngine.UI.csproj", "{C00AEFA6-7152-910D-102F-C401699A1F7C}"
EndProject
Project("{FAE04EC0-301F-11D3-BF4B-00C04F79EFBC}") = "Unity.ProBuilder", "Unity.ProBuilder.csproj", "{09BD6AA5-D359-324D-5704-77ED245AFB9E}"
EndProject
Project("{FAE04EC0-301F-11D3-BF4B-00C04F79EFBC}") = "Unity.TextMeshPro", "Unity.TextMeshPro.csproj", "{CDD03A43-12DA-A652-70AE-BE97BB95F225}"
EndProject
Project("{FAE04EC0-301F-11D3-BF4B-00C04F79EFBC}") = "Unity.ProBuilder.Poly2Tri", "Unity.ProBuilder.Poly2Tri.csproj", "{A2026485-572B-9350-B5C8-0890229D2E9A}"
EndProject
Project("{FAE04EC0-301F-11D3-BF4B-00C04F79EFBC}") = "Unity.ProBuilder.Csg", "Unity.ProBuilder.Csg.csproj", "{3AA07467-5263-B1A3-5068-A118FCFE1C52}"
EndProject
Project("{FAE04EC0-301F-11D3-BF4B-00C04F79EFBC}") = "Unity.ProBuilder.KdTree", "Unity.ProBuilder.KdTree.csproj", "{67184BE5-D4C3-32DF-C067-2F35878327E5}"
EndProject
Project("{FAE04EC0-301F-11D3-BF4B-00C04F79EFBC}") = "Unity.ProBuilder.Stl", "Unity.ProBuilder.Stl.csproj", "{6CED4B07-0B96-2447-1AB9-432C276CE9AF}"
EndProject
Project("{FAE04EC0-301F-11D3-BF4B-00C04F79EFBC}") = "Assembly-CSharp", "Assembly-CSharp.csproj", "{D898B934-A259-6F4A-1BDD-B18747FB7D59}"
EndProject
Project("{FAE04EC0-301F-11D3-BF4B-00C04F79EFBC}") = "UnityEditor.TestRunner", "UnityEditor.TestRunner.csproj", "{9482EA90-08C2-BEE9-0608-44B689E220DF}"
EndProject
Project("{FAE04EC0-301F-11D3-BF4B-00C04F79EFBC}") = "Unity.ProBuilder.Editor", "Unity.ProBuilder.Editor.csproj", "{D3F583C7-27E8-C5C0-B52E-204C4ACC36D7}"
EndProject
Project("{FAE04EC0-301F-11D3-BF4B-00C04F79EFBC}") = "UnityEditor.UI", "UnityEditor.UI.csproj", "{42A96FA2-0BA8-29C6-5219-03C11A336DD1}"
EndProject
Project("{FAE04EC0-301F-11D3-BF4B-00C04F79EFBC}") = "Unity.Timeline.Editor", "Unity.Timeline.Editor.csproj", "{F16F125A-FC6E-C65F-A9CE-C4974DD2F71F}"
EndProject
Project("{FAE04EC0-301F-11D3-BF4B-00C04F79EFBC}") = "Unity.VisualStudio.Editor", "Unity.VisualStudio.Editor.csproj", "{630D4202-3159-EAAA-3259-9A94B803E142}"
EndProject
Project("{FAE04EC0-301F-11D3-BF4B-00C04F79EFBC}") = "Unity.TextMeshPro.Editor", "Unity.TextMeshPro.Editor.csproj", "{15D67FA3-50C4-C0BC-6C8F-874D9C8C302C}"
EndProject
Project("{FAE04EC0-301F-11D3-BF4B-00C04F79EFBC}") = "Unity.CollabProxy.Editor", "Unity.CollabProxy.Editor.csproj", "{BAD5C93C-B906-660B-06F5-CA7D0F18C2F4}"
EndProject
Project("{FAE04EC0-301F-11D3-BF4B-00C04F79EFBC}") = "Unity.Rider.Editor", "Unity.Rider.Editor.csproj", "{60CC0260-2EC2-94CB-C249-CF200923319B}"
EndProject
Project("{FAE04EC0-301F-11D3-BF4B-00C04F79EFBC}") = "Unity.SysrootPackage.Editor", "Unity.SysrootPackage.Editor.csproj", "{6FE56E2A-D73D-27A3-1AD4-1AF26296519E}"
EndProject
Project("{FAE04EC0-301F-11D3-BF4B-00C04F79EFBC}") = "Unity.VSCode.Editor", "Unity.VSCode.Editor.csproj", "{13C19BEB-2062-FFA0-7EA5-D470B5B6CA90}"
EndProject
Project("{FAE04EC0-301F-11D3-BF4B-00C04F79EFBC}") = "Unity.Toolchain.Win-x86_64-Linux-x86_64", "Unity.Toolchain.Win-x86_64-Linux-x86_64.csproj", "{CDE7AF4C-B462-3DD9-9117-BCE8B4DB96CA}"
EndProject
Project("{FAE04EC0-301F-11D3-BF4B-00C04F79EFBC}") = "Unity.ProBuilder.AssetIdRemapUtility", "Unity.ProBuilder.AssetIdRemapUtility.csproj", "{51454DEC-1423-A2DB-84CC-32B75753E83A}"
EndProject
Project("{FAE04EC0-301F-11D3-BF4B-00C04F79EFBC}") = "Unity.Settings.Editor", "Unity.Settings.Editor.csproj", "{95FFDA98-E4D4-B0E7-527B-7FC1086ED31B}"
EndProject
Project("{FAE04EC0-301F-11D3-BF4B-00C04F79EFBC}") = "Unity.ProBuilder.AddOns.Editor", "Unity.ProBuilder.AddOns.Editor.csproj", "{E3CFEBD7-FA63-3BB7-A6E8-55A439673DB0}"
EndProject
Project("{FAE04EC0-301F-11D3-BF4B-00C04F79EFBC}") = "Unity.Sysroot.Linux_x86_64", "Unity.Sysroot.Linux_x86_64.csproj", "{1A1A5AC2-65AD-C74A-5713-2F0C990F4EF2}"
EndProject
Project("{FAE04EC0-301F-11D3-BF4B-00C04F79EFBC}") = "UnityEngine.TestRunner", "UnityEngine.TestRunner.Player.csproj", "{8887DFB1-2CE1-ED2F-C594-95C472AB606B}"
EndProject
Project("{FAE04EC0-301F-11D3-BF4B-00C04F79EFBC}") = "Unity.Timeline", "Unity.Timeline.Player.csproj", "{2C05739E-094F-E183-F61F-001BE33B4633}"
EndProject
Project("{FAE04EC0-301F-11D3-BF4B-00C04F79EFBC}") = "UnityEngine.UI", "UnityEngine.UI.Player.csproj", "{7BB86400-7B5B-2FEF-DEBD-24CD5E119B38}"
EndProject
Project("{FAE04EC0-301F-11D3-BF4B-00C04F79EFBC}") = "Unity.ProBuilder", "Unity.ProBuilder.Player.csproj", "{989355A9-1AB7-8709-0733-E5ACFF843C8C}"
EndProject
Project("{FAE04EC0-301F-11D3-BF4B-00C04F79EFBC}") = "Unity.TextMeshPro", "Unity.TextMeshPro.Player.csproj", "{BD468ABD-9576-A099-4247-F1D4A264B0AB}"
EndProject
Project("{FAE04EC0-301F-11D3-BF4B-00C04F79EFBC}") = "Unity.ProBuilder.Poly2Tri", "Unity.ProBuilder.Poly2Tri.Player.csproj", "{05CFED22-EFF3-A2F5-84F5-59857F6FC255}"
EndProject
Project("{FAE04EC0-301F-11D3-BF4B-00C04F79EFBC}") = "Unity.ProBuilder.Csg", "Unity.ProBuilder.Csg.Player.csproj", "{A52749F8-8E79-3531-5162-BC9E87983BE4}"
EndProject
Project("{FAE04EC0-301F-11D3-BF4B-00C04F79EFBC}") = "Unity.ProBuilder.KdTree", "Unity.ProBuilder.KdTree.Player.csproj", "{B14E2E94-0D33-DD60-A4EB-C853F725CA78}"
EndProject
Project("{FAE04EC0-301F-11D3-BF4B-00C04F79EFBC}") = "Unity.ProBuilder.Stl", "Unity.ProBuilder.Stl.Player.csproj", "{FE4C72A4-A8CF-A690-885B-C2CF9893C2AB}"
EndProject
Project("{FAE04EC0-301F-11D3-BF4B-00C04F79EFBC}") = "Assembly-CSharp", "Assembly-CSharp.Player.csproj", "{E083EE92-85AE-13DE-9DEB-49B3835F085B}"
EndProject
Global
	GlobalSection(SolutionConfigurationPlatforms) = preSolution
		Debug|Any CPU = Debug|Any CPU
		Release|Any CPU = Release|Any CPU
	EndGlobalSection
	GlobalSection(ProjectConfigurationPlatforms) = postSolution
		{21D2713B-C005-9773-A0BA-C9DC3641F706}.Debug|Any CPU.ActiveCfg = Debug|Any CPU
		{21D2713B-C005-9773-A0BA-C9DC3641F706}.Debug|Any CPU.Build.0 = Debug|Any CPU
		{21D2713B-C005-9773-A0BA-C9DC3641F706}.Release|Any CPU.ActiveCfg = Release|Any CPU
		{21D2713B-C005-9773-A0BA-C9DC3641F706}.Release|Any CPU.Build.0 = Release|Any CPU
		{6A34BA81-00C2-D0B8-AFC1-9FD7A479CE31}.Debug|Any CPU.ActiveCfg = Debug|Any CPU
		{6A34BA81-00C2-D0B8-AFC1-9FD7A479CE31}.Debug|Any CPU.Build.0 = Debug|Any CPU
		{6A34BA81-00C2-D0B8-AFC1-9FD7A479CE31}.Release|Any CPU.ActiveCfg = Release|Any CPU
		{6A34BA81-00C2-D0B8-AFC1-9FD7A479CE31}.Release|Any CPU.Build.0 = Release|Any CPU
		{C00AEFA6-7152-910D-102F-C401699A1F7C}.Debug|Any CPU.ActiveCfg = Debug|Any CPU
		{C00AEFA6-7152-910D-102F-C401699A1F7C}.Debug|Any CPU.Build.0 = Debug|Any CPU
		{C00AEFA6-7152-910D-102F-C401699A1F7C}.Release|Any CPU.ActiveCfg = Release|Any CPU
		{C00AEFA6-7152-910D-102F-C401699A1F7C}.Release|Any CPU.Build.0 = Release|Any CPU
		{09BD6AA5-D359-324D-5704-77ED245AFB9E}.Debug|Any CPU.ActiveCfg = Debug|Any CPU
		{09BD6AA5-D359-324D-5704-77ED245AFB9E}.Debug|Any CPU.Build.0 = Debug|Any CPU
		{09BD6AA5-D359-324D-5704-77ED245AFB9E}.Release|Any CPU.ActiveCfg = Release|Any CPU
		{09BD6AA5-D359-324D-5704-77ED245AFB9E}.Release|Any CPU.Build.0 = Release|Any CPU
		{CDD03A43-12DA-A652-70AE-BE97BB95F225}.Debug|Any CPU.ActiveCfg = Debug|Any CPU
		{CDD03A43-12DA-A652-70AE-BE97BB95F225}.Debug|Any CPU.Build.0 = Debug|Any CPU
		{CDD03A43-12DA-A652-70AE-BE97BB95F225}.Release|Any CPU.ActiveCfg = Release|Any CPU
		{CDD03A43-12DA-A652-70AE-BE97BB95F225}.Release|Any CPU.Build.0 = Release|Any CPU
		{A2026485-572B-9350-B5C8-0890229D2E9A}.Debug|Any CPU.ActiveCfg = Debug|Any CPU
		{A2026485-572B-9350-B5C8-0890229D2E9A}.Debug|Any CPU.Build.0 = Debug|Any CPU
		{A2026485-572B-9350-B5C8-0890229D2E9A}.Release|Any CPU.ActiveCfg = Release|Any CPU
		{A2026485-572B-9350-B5C8-0890229D2E9A}.Release|Any CPU.Build.0 = Release|Any CPU
		{3AA07467-5263-B1A3-5068-A118FCFE1C52}.Debug|Any CPU.ActiveCfg = Debug|Any CPU
		{3AA07467-5263-B1A3-5068-A118FCFE1C52}.Debug|Any CPU.Build.0 = Debug|Any CPU
		{3AA07467-5263-B1A3-5068-A118FCFE1C52}.Release|Any CPU.ActiveCfg = Release|Any CPU
		{3AA07467-5263-B1A3-5068-A118FCFE1C52}.Release|Any CPU.Build.0 = Release|Any CPU
		{67184BE5-D4C3-32DF-C067-2F35878327E5}.Debug|Any CPU.ActiveCfg = Debug|Any CPU
		{67184BE5-D4C3-32DF-C067-2F35878327E5}.Debug|Any CPU.Build.0 = Debug|Any CPU
		{67184BE5-D4C3-32DF-C067-2F35878327E5}.Release|Any CPU.ActiveCfg = Release|Any CPU
		{67184BE5-D4C3-32DF-C067-2F35878327E5}.Release|Any CPU.Build.0 = Release|Any CPU
		{6CED4B07-0B96-2447-1AB9-432C276CE9AF}.Debug|Any CPU.ActiveCfg = Debug|Any CPU
		{6CED4B07-0B96-2447-1AB9-432C276CE9AF}.Debug|Any CPU.Build.0 = Debug|Any CPU
		{6CED4B07-0B96-2447-1AB9-432C276CE9AF}.Release|Any CPU.ActiveCfg = Release|Any CPU
		{6CED4B07-0B96-2447-1AB9-432C276CE9AF}.Release|Any CPU.Build.0 = Release|Any CPU
		{D898B934-A259-6F4A-1BDD-B18747FB7D59}.Debug|Any CPU.ActiveCfg = Debug|Any CPU
		{D898B934-A259-6F4A-1BDD-B18747FB7D59}.Debug|Any CPU.Build.0 = Debug|Any CPU
		{D898B934-A259-6F4A-1BDD-B18747FB7D59}.Release|Any CPU.ActiveCfg = Release|Any CPU
		{D898B934-A259-6F4A-1BDD-B18747FB7D59}.Release|Any CPU.Build.0 = Release|Any CPU
		{9482EA90-08C2-BEE9-0608-44B689E220DF}.Debug|Any CPU.ActiveCfg = Debug|Any CPU
		{9482EA90-08C2-BEE9-0608-44B689E220DF}.Debug|Any CPU.Build.0 = Debug|Any CPU
		{9482EA90-08C2-BEE9-0608-44B689E220DF}.Release|Any CPU.ActiveCfg = Release|Any CPU
		{9482EA90-08C2-BEE9-0608-44B689E220DF}.Release|Any CPU.Build.0 = Release|Any CPU
		{D3F583C7-27E8-C5C0-B52E-204C4ACC36D7}.Debug|Any CPU.ActiveCfg = Debug|Any CPU
		{D3F583C7-27E8-C5C0-B52E-204C4ACC36D7}.Debug|Any CPU.Build.0 = Debug|Any CPU
		{D3F583C7-27E8-C5C0-B52E-204C4ACC36D7}.Release|Any CPU.ActiveCfg = Release|Any CPU
		{D3F583C7-27E8-C5C0-B52E-204C4ACC36D7}.Release|Any CPU.Build.0 = Release|Any CPU
		{42A96FA2-0BA8-29C6-5219-03C11A336DD1}.Debug|Any CPU.ActiveCfg = Debug|Any CPU
		{42A96FA2-0BA8-29C6-5219-03C11A336DD1}.Debug|Any CPU.Build.0 = Debug|Any CPU
		{42A96FA2-0BA8-29C6-5219-03C11A336DD1}.Release|Any CPU.ActiveCfg = Release|Any CPU
		{42A96FA2-0BA8-29C6-5219-03C11A336DD1}.Release|Any CPU.Build.0 = Release|Any CPU
		{F16F125A-FC6E-C65F-A9CE-C4974DD2F71F}.Debug|Any CPU.ActiveCfg = Debug|Any CPU
		{F16F125A-FC6E-C65F-A9CE-C4974DD2F71F}.Debug|Any CPU.Build.0 = Debug|Any CPU
		{F16F125A-FC6E-C65F-A9CE-C4974DD2F71F}.Release|Any CPU.ActiveCfg = Release|Any CPU
		{F16F125A-FC6E-C65F-A9CE-C4974DD2F71F}.Release|Any CPU.Build.0 = Release|Any CPU
		{630D4202-3159-EAAA-3259-9A94B803E142}.Debug|Any CPU.ActiveCfg = Debug|Any CPU
		{630D4202-3159-EAAA-3259-9A94B803E142}.Debug|Any CPU.Build.0 = Debug|Any CPU
		{630D4202-3159-EAAA-3259-9A94B803E142}.Release|Any CPU.ActiveCfg = Release|Any CPU
		{630D4202-3159-EAAA-3259-9A94B803E142}.Release|Any CPU.Build.0 = Release|Any CPU
		{15D67FA3-50C4-C0BC-6C8F-874D9C8C302C}.Debug|Any CPU.ActiveCfg = Debug|Any CPU
		{15D67FA3-50C4-C0BC-6C8F-874D9C8C302C}.Debug|Any CPU.Build.0 = Debug|Any CPU
		{15D67FA3-50C4-C0BC-6C8F-874D9C8C302C}.Release|Any CPU.ActiveCfg = Release|Any CPU
		{15D67FA3-50C4-C0BC-6C8F-874D9C8C302C}.Release|Any CPU.Build.0 = Release|Any CPU
		{BAD5C93C-B906-660B-06F5-CA7D0F18C2F4}.Debug|Any CPU.ActiveCfg = Debug|Any CPU
		{BAD5C93C-B906-660B-06F5-CA7D0F18C2F4}.Debug|Any CPU.Build.0 = Debug|Any CPU
		{BAD5C93C-B906-660B-06F5-CA7D0F18C2F4}.Release|Any CPU.ActiveCfg = Release|Any CPU
		{BAD5C93C-B906-660B-06F5-CA7D0F18C2F4}.Release|Any CPU.Build.0 = Release|Any CPU
		{60CC0260-2EC2-94CB-C249-CF200923319B}.Debug|Any CPU.ActiveCfg = Debug|Any CPU
		{60CC0260-2EC2-94CB-C249-CF200923319B}.Debug|Any CPU.Build.0 = Debug|Any CPU
		{60CC0260-2EC2-94CB-C249-CF200923319B}.Release|Any CPU.ActiveCfg = Release|Any CPU
		{60CC0260-2EC2-94CB-C249-CF200923319B}.Release|Any CPU.Build.0 = Release|Any CPU
		{6FE56E2A-D73D-27A3-1AD4-1AF26296519E}.Debug|Any CPU.ActiveCfg = Debug|Any CPU
		{6FE56E2A-D73D-27A3-1AD4-1AF26296519E}.Debug|Any CPU.Build.0 = Debug|Any CPU
		{6FE56E2A-D73D-27A3-1AD4-1AF26296519E}.Release|Any CPU.ActiveCfg = Release|Any CPU
		{6FE56E2A-D73D-27A3-1AD4-1AF26296519E}.Release|Any CPU.Build.0 = Release|Any CPU
		{13C19BEB-2062-FFA0-7EA5-D470B5B6CA90}.Debug|Any CPU.ActiveCfg = Debug|Any CPU
		{13C19BEB-2062-FFA0-7EA5-D470B5B6CA90}.Debug|Any CPU.Build.0 = Debug|Any CPU
		{13C19BEB-2062-FFA0-7EA5-D470B5B6CA90}.Release|Any CPU.ActiveCfg = Release|Any CPU
		{13C19BEB-2062-FFA0-7EA5-D470B5B6CA90}.Release|Any CPU.Build.0 = Release|Any CPU
		{CDE7AF4C-B462-3DD9-9117-BCE8B4DB96CA}.Debug|Any CPU.ActiveCfg = Debug|Any CPU
		{CDE7AF4C-B462-3DD9-9117-BCE8B4DB96CA}.Debug|Any CPU.Build.0 = Debug|Any CPU
		{CDE7AF4C-B462-3DD9-9117-BCE8B4DB96CA}.Release|Any CPU.ActiveCfg = Release|Any CPU
		{CDE7AF4C-B462-3DD9-9117-BCE8B4DB96CA}.Release|Any CPU.Build.0 = Release|Any CPU
		{51454DEC-1423-A2DB-84CC-32B75753E83A}.Debug|Any CPU.ActiveCfg = Debug|Any CPU
		{51454DEC-1423-A2DB-84CC-32B75753E83A}.Debug|Any CPU.Build.0 = Debug|Any CPU
		{51454DEC-1423-A2DB-84CC-32B75753E83A}.Release|Any CPU.ActiveCfg = Release|Any CPU
		{51454DEC-1423-A2DB-84CC-32B75753E83A}.Release|Any CPU.Build.0 = Release|Any CPU
		{95FFDA98-E4D4-B0E7-527B-7FC1086ED31B}.Debug|Any CPU.ActiveCfg = Debug|Any CPU
		{95FFDA98-E4D4-B0E7-527B-7FC1086ED31B}.Debug|Any CPU.Build.0 = Debug|Any CPU
		{95FFDA98-E4D4-B0E7-527B-7FC1086ED31B}.Release|Any CPU.ActiveCfg = Release|Any CPU
		{95FFDA98-E4D4-B0E7-527B-7FC1086ED31B}.Release|Any CPU.Build.0 = Release|Any CPU
		{E3CFEBD7-FA63-3BB7-A6E8-55A439673DB0}.Debug|Any CPU.ActiveCfg = Debug|Any CPU
		{E3CFEBD7-FA63-3BB7-A6E8-55A439673DB0}.Debug|Any CPU.Build.0 = Debug|Any CPU
		{E3CFEBD7-FA63-3BB7-A6E8-55A439673DB0}.Release|Any CPU.ActiveCfg = Release|Any CPU
		{E3CFEBD7-FA63-3BB7-A6E8-55A439673DB0}.Release|Any CPU.Build.0 = Release|Any CPU
		{1A1A5AC2-65AD-C74A-5713-2F0C990F4EF2}.Debug|Any CPU.ActiveCfg = Debug|Any CPU
		{1A1A5AC2-65AD-C74A-5713-2F0C990F4EF2}.Debug|Any CPU.Build.0 = Debug|Any CPU
		{1A1A5AC2-65AD-C74A-5713-2F0C990F4EF2}.Release|Any CPU.ActiveCfg = Release|Any CPU
		{1A1A5AC2-65AD-C74A-5713-2F0C990F4EF2}.Release|Any CPU.Build.0 = Release|Any CPU
		{8887DFB1-2CE1-ED2F-C594-95C472AB606B}.Debug|Any CPU.ActiveCfg = Debug|Any CPU
		{8887DFB1-2CE1-ED2F-C594-95C472AB606B}.Debug|Any CPU.Build.0 = Debug|Any CPU
		{8887DFB1-2CE1-ED2F-C594-95C472AB606B}.Release|Any CPU.ActiveCfg = Release|Any CPU
		{8887DFB1-2CE1-ED2F-C594-95C472AB606B}.Release|Any CPU.Build.0 = Release|Any CPU
		{2C05739E-094F-E183-F61F-001BE33B4633}.Debug|Any CPU.ActiveCfg = Debug|Any CPU
		{2C05739E-094F-E183-F61F-001BE33B4633}.Debug|Any CPU.Build.0 = Debug|Any CPU
		{2C05739E-094F-E183-F61F-001BE33B4633}.Release|Any CPU.ActiveCfg = Release|Any CPU
		{2C05739E-094F-E183-F61F-001BE33B4633}.Release|Any CPU.Build.0 = Release|Any CPU
		{7BB86400-7B5B-2FEF-DEBD-24CD5E119B38}.Debug|Any CPU.ActiveCfg = Debug|Any CPU
		{7BB86400-7B5B-2FEF-DEBD-24CD5E119B38}.Debug|Any CPU.Build.0 = Debug|Any CPU
		{7BB86400-7B5B-2FEF-DEBD-24CD5E119B38}.Release|Any CPU.ActiveCfg = Release|Any CPU
		{7BB86400-7B5B-2FEF-DEBD-24CD5E119B38}.Release|Any CPU.Build.0 = Release|Any CPU
		{989355A9-1AB7-8709-0733-E5ACFF843C8C}.Debug|Any CPU.ActiveCfg = Debug|Any CPU
		{989355A9-1AB7-8709-0733-E5ACFF843C8C}.Debug|Any CPU.Build.0 = Debug|Any CPU
		{989355A9-1AB7-8709-0733-E5ACFF843C8C}.Release|Any CPU.ActiveCfg = Release|Any CPU
		{989355A9-1AB7-8709-0733-E5ACFF843C8C}.Release|Any CPU.Build.0 = Release|Any CPU
		{BD468ABD-9576-A099-4247-F1D4A264B0AB}.Debug|Any CPU.ActiveCfg = Debug|Any CPU
		{BD468ABD-9576-A099-4247-F1D4A264B0AB}.Debug|Any CPU.Build.0 = Debug|Any CPU
		{BD468ABD-9576-A099-4247-F1D4A264B0AB}.Release|Any CPU.ActiveCfg = Release|Any CPU
		{BD468ABD-9576-A099-4247-F1D4A264B0AB}.Release|Any CPU.Build.0 = Release|Any CPU
		{05CFED22-EFF3-A2F5-84F5-59857F6FC255}.Debug|Any CPU.ActiveCfg = Debug|Any CPU
		{05CFED22-EFF3-A2F5-84F5-59857F6FC255}.Debug|Any CPU.Build.0 = Debug|Any CPU
		{05CFED22-EFF3-A2F5-84F5-59857F6FC255}.Release|Any CPU.ActiveCfg = Release|Any CPU
		{05CFED22-EFF3-A2F5-84F5-59857F6FC255}.Release|Any CPU.Build.0 = Release|Any CPU
		{A52749F8-8E79-3531-5162-BC9E87983BE4}.Debug|Any CPU.ActiveCfg = Debug|Any CPU
		{A52749F8-8E79-3531-5162-BC9E87983BE4}.Debug|Any CPU.Build.0 = Debug|Any CPU
		{A52749F8-8E79-3531-5162-BC9E87983BE4}.Release|Any CPU.ActiveCfg = Release|Any CPU
		{A52749F8-8E79-3531-5162-BC9E87983BE4}.Release|Any CPU.Build.0 = Release|Any CPU
		{B14E2E94-0D33-DD60-A4EB-C853F725CA78}.Debug|Any CPU.ActiveCfg = Debug|Any CPU
		{B14E2E94-0D33-DD60-A4EB-C853F725CA78}.Debug|Any CPU.Build.0 = Debug|Any CPU
		{B14E2E94-0D33-DD60-A4EB-C853F725CA78}.Release|Any CPU.ActiveCfg = Release|Any CPU
		{B14E2E94-0D33-DD60-A4EB-C853F725CA78}.Release|Any CPU.Build.0 = Release|Any CPU
		{FE4C72A4-A8CF-A690-885B-C2CF9893C2AB}.Debug|Any CPU.ActiveCfg = Debug|Any CPU
		{FE4C72A4-A8CF-A690-885B-C2CF9893C2AB}.Debug|Any CPU.Build.0 = Debug|Any CPU
		{FE4C72A4-A8CF-A690-885B-C2CF9893C2AB}.Release|Any CPU.ActiveCfg = Release|Any CPU
		{FE4C72A4-A8CF-A690-885B-C2CF9893C2AB}.Release|Any CPU.Build.0 = Release|Any CPU
		{E083EE92-85AE-13DE-9DEB-49B3835F085B}.Debug|Any CPU.ActiveCfg = Debug|Any CPU
		{E083EE92-85AE-13DE-9DEB-49B3835F085B}.Debug|Any CPU.Build.0 = Debug|Any CPU
		{E083EE92-85AE-13DE-9DEB-49B3835F085B}.Release|Any CPU.ActiveCfg = Release|Any CPU
		{E083EE92-85AE-13DE-9DEB-49B3835F085B}.Release|Any CPU.Build.0 = Release|Any CPU
	EndGlobalSection
	GlobalSection(SolutionProperties) = preSolution
		HideSolutionNode = FALSE
	EndGlobalSection
EndGlobal
